
Microsoft Visual Studio Solution File, Format Version 12.00
# Visual Studio Version 16
VisualStudioVersion = 16.0.29911.84
MinimumVisualStudioVersion = 10.0.40219.1
Project("{FAE04EC0-301F-11D3-BF4B-00C04F79EFBC}") = "crud", "crud\crud.csproj", "{BD0C7668-232A-41F0-A8A6-8BA089152985}"
EndProject
Global
	GlobalSection(SolutionConfigurationPlatforms) = preSolution
		Debug|Any CPU = Debug|Any CPU
		Release|Any CPU = Release|Any CPU
	EndGlobalSection
	GlobalSection(ProjectConfigurationPlatforms) = postSolution
		{BD0C7668-232A-41F0-A8A6-8BA089152985}.Debug|Any CPU.ActiveCfg = Debug|Any CPU
		{BD0C7668-232A-41F0-A8A6-8BA089152985}.Debug|Any CPU.Build.0 = Debug|Any CPU
		{BD0C7668-232A-41F0-A8A6-8BA089152985}.Release|Any CPU.ActiveCfg = Release|Any CPU
		{BD0C7668-232A-41F0-A8A6-8BA089152985}.Release|Any CPU.Build.0 = Release|Any CPU
	EndGlobalSection
	GlobalSection(SolutionProperties) = preSolution
		HideSolutionNode = FALSE
	EndGlobalSection
	GlobalSection(ExtensibilityGlobals) = postSolution
		SolutionGuid = {07D64976-8EF3-44FE-BFB6-D226C9C97D30}
	EndGlobalSection
EndGlobal
